
Microsoft Visual Studio Solution File, Format Version 12.00
# Visual Studio Version 17
VisualStudioVersion = 17.9.34714.143
MinimumVisualStudioVersion = 10.0.40219.1
Project("{9A19103F-16F7-4668-BE54-9A1E7A4F7556}") = "WarringStates", "WarringStates\WarringStates.csproj", "{EFC2FE84-5828-4D9A-9CA7-94B89978114E}"
EndProject
Project("{9A19103F-16F7-4668-BE54-9A1E7A4F7556}") = "AltitudeMapGenerator", "_lib\AltitudeMapGenerator\AltitudeMapGenerator.csproj", "{41972AB4-6923-4CD8-AB5A-78B599F400D3}"
EndProject
Project("{9A19103F-16F7-4668-BE54-9A1E7A4F7556}") = "LocalUtilities", "_lib\LocalUtilities\LocalUtilities.csproj", "{6C10235C-EEEA-4359-A8AF-03FBC3C48236}"
EndProject
Project("{9A19103F-16F7-4668-BE54-9A1E7A4F7556}") = "WarringStates.Client", "WarringStates.Client\WarringStates.Client.csproj", "{39C92F31-C6F4-47A1-9FB8-9A5A5DAB2492}"
EndProject
Project("{9A19103F-16F7-4668-BE54-9A1E7A4F7556}") = "WarringStates.Server", "WarringStates.Server\WarringStates.Server.csproj", "{912E398E-3562-4121-942B-0CEAD5668658}"
EndProject
Project("{9A19103F-16F7-4668-BE54-9A1E7A4F7556}") = "SqlTest", "SqlTest\SqlTest.csproj", "{F2B27CE1-2564-4D87-8FF2-97C7FED377C3}"
EndProject
Project("{9A19103F-16F7-4668-BE54-9A1E7A4F7556}") = "RefelctionSerialize", "ReflectionSS\RefelctionSerialize\RefelctionSerialize.csproj", "{50BBB500-15F6-43FD-9369-4DB1857A0814}"
EndProject
Project("{9A19103F-16F7-4668-BE54-9A1E7A4F7556}") = "WarringStates.Server.GUI", "WarringStates.Server.GUI\WarringStates.Server.GUI.csproj", "{77C222E7-A617-4DD3-87F8-7B4F880293E1}"
EndProject
Project("{FAE04EC0-301F-11D3-BF4B-00C04F79EFBC}") = "LocalUtilities.GUICore", "_lib\LocalUtilities.GUICore\LocalUtilities.GUICore.csproj", "{B661D9F9-C216-4A02-999D-1A96CFA11F05}"
EndProject
Global
	GlobalSection(SolutionConfigurationPlatforms) = preSolution
		Debug|Any CPU = Debug|Any CPU
		Debug|ARM64 = Debug|ARM64
		Debug|x64 = Debug|x64
		Debug|x86 = Debug|x86
		Release|Any CPU = Release|Any CPU
		Release|ARM64 = Release|ARM64
		Release|x64 = Release|x64
		Release|x86 = Release|x86
	EndGlobalSection
	GlobalSection(ProjectConfigurationPlatforms) = postSolution
		{EFC2FE84-5828-4D9A-9CA7-94B89978114E}.Debug|Any CPU.ActiveCfg = Debug|Any CPU
		{EFC2FE84-5828-4D9A-9CA7-94B89978114E}.Debug|Any CPU.Build.0 = Debug|Any CPU
		{EFC2FE84-5828-4D9A-9CA7-94B89978114E}.Debug|ARM64.ActiveCfg = Debug|ARM64
		{EFC2FE84-5828-4D9A-9CA7-94B89978114E}.Debug|ARM64.Build.0 = Debug|ARM64
		{EFC2FE84-5828-4D9A-9CA7-94B89978114E}.Debug|x64.ActiveCfg = Debug|x64
		{EFC2FE84-5828-4D9A-9CA7-94B89978114E}.Debug|x64.Build.0 = Debug|x64
		{EFC2FE84-5828-4D9A-9CA7-94B89978114E}.Debug|x86.ActiveCfg = Debug|Any CPU
		{EFC2FE84-5828-4D9A-9CA7-94B89978114E}.Debug|x86.Build.0 = Debug|Any CPU
		{EFC2FE84-5828-4D9A-9CA7-94B89978114E}.Release|Any CPU.ActiveCfg = Release|Any CPU
		{EFC2FE84-5828-4D9A-9CA7-94B89978114E}.Release|Any CPU.Build.0 = Release|Any CPU
		{EFC2FE84-5828-4D9A-9CA7-94B89978114E}.Release|ARM64.ActiveCfg = Release|ARM64
		{EFC2FE84-5828-4D9A-9CA7-94B89978114E}.Release|ARM64.Build.0 = Release|ARM64
		{EFC2FE84-5828-4D9A-9CA7-94B89978114E}.Release|x64.ActiveCfg = Release|x64
		{EFC2FE84-5828-4D9A-9CA7-94B89978114E}.Release|x64.Build.0 = Release|x64
		{EFC2FE84-5828-4D9A-9CA7-94B89978114E}.Release|x86.ActiveCfg = Release|Any CPU
		{EFC2FE84-5828-4D9A-9CA7-94B89978114E}.Release|x86.Build.0 = Release|Any CPU
		{41972AB4-6923-4CD8-AB5A-78B599F400D3}.Debug|Any CPU.ActiveCfg = Debug|Any CPU
		{41972AB4-6923-4CD8-AB5A-78B599F400D3}.Debug|Any CPU.Build.0 = Debug|Any CPU
		{41972AB4-6923-4CD8-AB5A-78B599F400D3}.Debug|ARM64.ActiveCfg = Debug|ARM64
		{41972AB4-6923-4CD8-AB5A-78B599F400D3}.Debug|ARM64.Build.0 = Debug|ARM64
		{41972AB4-6923-4CD8-AB5A-78B599F400D3}.Debug|x64.ActiveCfg = Debug|x64
		{41972AB4-6923-4CD8-AB5A-78B599F400D3}.Debug|x64.Build.0 = Debug|x64
		{41972AB4-6923-4CD8-AB5A-78B599F400D3}.Debug|x86.ActiveCfg = Debug|Any CPU
		{41972AB4-6923-4CD8-AB5A-78B599F400D3}.Debug|x86.Build.0 = Debug|Any CPU
		{41972AB4-6923-4CD8-AB5A-78B599F400D3}.Release|Any CPU.ActiveCfg = Release|Any CPU
		{41972AB4-6923-4CD8-AB5A-78B599F400D3}.Release|Any CPU.Build.0 = Release|Any CPU
		{41972AB4-6923-4CD8-AB5A-78B599F400D3}.Release|ARM64.ActiveCfg = Release|ARM64
		{41972AB4-6923-4CD8-AB5A-78B599F400D3}.Release|ARM64.Build.0 = Release|ARM64
		{41972AB4-6923-4CD8-AB5A-78B599F400D3}.Release|x64.ActiveCfg = Release|x64
		{41972AB4-6923-4CD8-AB5A-78B599F400D3}.Release|x64.Build.0 = Release|x64
		{41972AB4-6923-4CD8-AB5A-78B599F400D3}.Release|x86.ActiveCfg = Release|Any CPU
		{41972AB4-6923-4CD8-AB5A-78B599F400D3}.Release|x86.Build.0 = Release|Any CPU
		{6C10235C-EEEA-4359-A8AF-03FBC3C48236}.Debug|Any CPU.ActiveCfg = Debug|Any CPU
		{6C10235C-EEEA-4359-A8AF-03FBC3C48236}.Debug|Any CPU.Build.0 = Debug|Any CPU
		{6C10235C-EEEA-4359-A8AF-03FBC3C48236}.Debug|ARM64.ActiveCfg = Debug|ARM64
		{6C10235C-EEEA-4359-A8AF-03FBC3C48236}.Debug|ARM64.Build.0 = Debug|ARM64
		{6C10235C-EEEA-4359-A8AF-03FBC3C48236}.Debug|x64.ActiveCfg = Debug|x64
		{6C10235C-EEEA-4359-A8AF-03FBC3C48236}.Debug|x64.Build.0 = Debug|x64
		{6C10235C-EEEA-4359-A8AF-03FBC3C48236}.Debug|x86.ActiveCfg = Debug|Any CPU
		{6C10235C-EEEA-4359-A8AF-03FBC3C48236}.Debug|x86.Build.0 = Debug|Any CPU
		{6C10235C-EEEA-4359-A8AF-03FBC3C48236}.Release|Any CPU.ActiveCfg = Release|Any CPU
		{6C10235C-EEEA-4359-A8AF-03FBC3C48236}.Release|Any CPU.Build.0 = Release|Any CPU
		{6C10235C-EEEA-4359-A8AF-03FBC3C48236}.Release|ARM64.ActiveCfg = Release|ARM64
		{6C10235C-EEEA-4359-A8AF-03FBC3C48236}.Release|ARM64.Build.0 = Release|ARM64
		{6C10235C-EEEA-4359-A8AF-03FBC3C48236}.Release|x64.ActiveCfg = Release|x64
		{6C10235C-EEEA-4359-A8AF-03FBC3C48236}.Release|x64.Build.0 = Release|x64
		{6C10235C-EEEA-4359-A8AF-03FBC3C48236}.Release|x86.ActiveCfg = Release|Any CPU
		{6C10235C-EEEA-4359-A8AF-03FBC3C48236}.Release|x86.Build.0 = Release|Any CPU
		{39C92F31-C6F4-47A1-9FB8-9A5A5DAB2492}.Debug|Any CPU.ActiveCfg = Debug|Any CPU
		{39C92F31-C6F4-47A1-9FB8-9A5A5DAB2492}.Debug|Any CPU.Build.0 = Debug|Any CPU
		{39C92F31-C6F4-47A1-9FB8-9A5A5DAB2492}.Debug|ARM64.ActiveCfg = Debug|ARM64
		{39C92F31-C6F4-47A1-9FB8-9A5A5DAB2492}.Debug|ARM64.Build.0 = Debug|ARM64
		{39C92F31-C6F4-47A1-9FB8-9A5A5DAB2492}.Debug|x64.ActiveCfg = Debug|x64
		{39C92F31-C6F4-47A1-9FB8-9A5A5DAB2492}.Debug|x64.Build.0 = Debug|x64
		{39C92F31-C6F4-47A1-9FB8-9A5A5DAB2492}.Debug|x86.ActiveCfg = Debug|Any CPU
		{39C92F31-C6F4-47A1-9FB8-9A5A5DAB2492}.Debug|x86.Build.0 = Debug|Any CPU
		{39C92F31-C6F4-47A1-9FB8-9A5A5DAB2492}.Release|Any CPU.ActiveCfg = Release|Any CPU
		{39C92F31-C6F4-47A1-9FB8-9A5A5DAB2492}.Release|Any CPU.Build.0 = Release|Any CPU
		{39C92F31-C6F4-47A1-9FB8-9A5A5DAB2492}.Release|ARM64.ActiveCfg = Release|ARM64
		{39C92F31-C6F4-47A1-9FB8-9A5A5DAB2492}.Release|ARM64.Build.0 = Release|ARM64
		{39C92F31-C6F4-47A1-9FB8-9A5A5DAB2492}.Release|x64.ActiveCfg = Release|x64
		{39C92F31-C6F4-47A1-9FB8-9A5A5DAB2492}.Release|x64.Build.0 = Release|x64
		{39C92F31-C6F4-47A1-9FB8-9A5A5DAB2492}.Release|x86.ActiveCfg = Release|Any CPU
		{39C92F31-C6F4-47A1-9FB8-9A5A5DAB2492}.Release|x86.Build.0 = Release|Any CPU
		{912E398E-3562-4121-942B-0CEAD5668658}.Debug|Any CPU.ActiveCfg = Debug|Any CPU
		{912E398E-3562-4121-942B-0CEAD5668658}.Debug|Any CPU.Build.0 = Debug|Any CPU
		{912E398E-3562-4121-942B-0CEAD5668658}.Debug|ARM64.ActiveCfg = Debug|ARM64
		{912E398E-3562-4121-942B-0CEAD5668658}.Debug|ARM64.Build.0 = Debug|ARM64
		{912E398E-3562-4121-942B-0CEAD5668658}.Debug|x64.ActiveCfg = Debug|x64
		{912E398E-3562-4121-942B-0CEAD5668658}.Debug|x64.Build.0 = Debug|x64
		{912E398E-3562-4121-942B-0CEAD5668658}.Debug|x86.ActiveCfg = Debug|Any CPU
		{912E398E-3562-4121-942B-0CEAD5668658}.Debug|x86.Build.0 = Debug|Any CPU
		{912E398E-3562-4121-942B-0CEAD5668658}.Release|Any CPU.ActiveCfg = Release|Any CPU
		{912E398E-3562-4121-942B-0CEAD5668658}.Release|Any CPU.Build.0 = Release|Any CPU
		{912E398E-3562-4121-942B-0CEAD5668658}.Release|ARM64.ActiveCfg = Release|ARM64
		{912E398E-3562-4121-942B-0CEAD5668658}.Release|ARM64.Build.0 = Release|ARM64
		{912E398E-3562-4121-942B-0CEAD5668658}.Release|x64.ActiveCfg = Release|x64
		{912E398E-3562-4121-942B-0CEAD5668658}.Release|x64.Build.0 = Release|x64
		{912E398E-3562-4121-942B-0CEAD5668658}.Release|x86.ActiveCfg = Release|Any CPU
		{912E398E-3562-4121-942B-0CEAD5668658}.Release|x86.Build.0 = Release|Any CPU
		{F2B27CE1-2564-4D87-8FF2-97C7FED377C3}.Debug|Any CPU.ActiveCfg = Debug|Any CPU
		{F2B27CE1-2564-4D87-8FF2-97C7FED377C3}.Debug|Any CPU.Build.0 = Debug|Any CPU
		{F2B27CE1-2564-4D87-8FF2-97C7FED377C3}.Debug|ARM64.ActiveCfg = Debug|ARM64
		{F2B27CE1-2564-4D87-8FF2-97C7FED377C3}.Debug|ARM64.Build.0 = Debug|ARM64
		{F2B27CE1-2564-4D87-8FF2-97C7FED377C3}.Debug|x64.ActiveCfg = Debug|x64
		{F2B27CE1-2564-4D87-8FF2-97C7FED377C3}.Debug|x64.Build.0 = Debug|x64
		{F2B27CE1-2564-4D87-8FF2-97C7FED377C3}.Debug|x86.ActiveCfg = Debug|Any CPU
		{F2B27CE1-2564-4D87-8FF2-97C7FED377C3}.Debug|x86.Build.0 = Debug|Any CPU
		{F2B27CE1-2564-4D87-8FF2-97C7FED377C3}.Release|Any CPU.ActiveCfg = Release|Any CPU
		{F2B27CE1-2564-4D87-8FF2-97C7FED377C3}.Release|Any CPU.Build.0 = Release|Any CPU
		{F2B27CE1-2564-4D87-8FF2-97C7FED377C3}.Release|ARM64.ActiveCfg = Release|ARM64
		{F2B27CE1-2564-4D87-8FF2-97C7FED377C3}.Release|ARM64.Build.0 = Release|ARM64
		{F2B27CE1-2564-4D87-8FF2-97C7FED377C3}.Release|x64.ActiveCfg = Release|x64
		{F2B27CE1-2564-4D87-8FF2-97C7FED377C3}.Release|x64.Build.0 = Release|x64
		{F2B27CE1-2564-4D87-8FF2-97C7FED377C3}.Release|x86.ActiveCfg = Release|Any CPU
		{F2B27CE1-2564-4D87-8FF2-97C7FED377C3}.Release|x86.Build.0 = Release|Any CPU
		{50BBB500-15F6-43FD-9369-4DB1857A0814}.Debug|Any CPU.ActiveCfg = Debug|Any CPU
		{50BBB500-15F6-43FD-9369-4DB1857A0814}.Debug|Any CPU.Build.0 = Debug|Any CPU
		{50BBB500-15F6-43FD-9369-4DB1857A0814}.Debug|ARM64.ActiveCfg = Debug|Any CPU
		{50BBB500-15F6-43FD-9369-4DB1857A0814}.Debug|ARM64.Build.0 = Debug|Any CPU
		{50BBB500-15F6-43FD-9369-4DB1857A0814}.Debug|x64.ActiveCfg = Debug|Any CPU
		{50BBB500-15F6-43FD-9369-4DB1857A0814}.Debug|x64.Build.0 = Debug|Any CPU
		{50BBB500-15F6-43FD-9369-4DB1857A0814}.Debug|x86.ActiveCfg = Debug|Any CPU
		{50BBB500-15F6-43FD-9369-4DB1857A0814}.Debug|x86.Build.0 = Debug|Any CPU
		{50BBB500-15F6-43FD-9369-4DB1857A0814}.Release|Any CPU.ActiveCfg = Release|Any CPU
		{50BBB500-15F6-43FD-9369-4DB1857A0814}.Release|Any CPU.Build.0 = Release|Any CPU
		{50BBB500-15F6-43FD-9369-4DB1857A0814}.Release|ARM64.ActiveCfg = Release|Any CPU
		{50BBB500-15F6-43FD-9369-4DB1857A0814}.Release|ARM64.Build.0 = Release|Any CPU
		{50BBB500-15F6-43FD-9369-4DB1857A0814}.Release|x64.ActiveCfg = Release|Any CPU
		{50BBB500-15F6-43FD-9369-4DB1857A0814}.Release|x64.Build.0 = Release|Any CPU
		{50BBB500-15F6-43FD-9369-4DB1857A0814}.Release|x86.ActiveCfg = Release|Any CPU
		{50BBB500-15F6-43FD-9369-4DB1857A0814}.Release|x86.Build.0 = Release|Any CPU
		{77C222E7-A617-4DD3-87F8-7B4F880293E1}.Debug|Any CPU.ActiveCfg = Debug|Any CPU
		{77C222E7-A617-4DD3-87F8-7B4F880293E1}.Debug|Any CPU.Build.0 = Debug|Any CPU
		{77C222E7-A617-4DD3-87F8-7B4F880293E1}.Debug|ARM64.ActiveCfg = Debug|Any CPU
		{77C222E7-A617-4DD3-87F8-7B4F880293E1}.Debug|ARM64.Build.0 = Debug|Any CPU
		{77C222E7-A617-4DD3-87F8-7B4F880293E1}.Debug|x64.ActiveCfg = Debug|Any CPU
		{77C222E7-A617-4DD3-87F8-7B4F880293E1}.Debug|x64.Build.0 = Debug|Any CPU
		{77C222E7-A617-4DD3-87F8-7B4F880293E1}.Debug|x86.ActiveCfg = Debug|Any CPU
		{77C222E7-A617-4DD3-87F8-7B4F880293E1}.Debug|x86.Build.0 = Debug|Any CPU
		{77C222E7-A617-4DD3-87F8-7B4F880293E1}.Release|Any CPU.ActiveCfg = Release|Any CPU
		{77C222E7-A617-4DD3-87F8-7B4F880293E1}.Release|Any CPU.Build.0 = Release|Any CPU
		{77C222E7-A617-4DD3-87F8-7B4F880293E1}.Release|ARM64.ActiveCfg = Release|Any CPU
		{77C222E7-A617-4DD3-87F8-7B4F880293E1}.Release|ARM64.Build.0 = Release|Any CPU
		{77C222E7-A617-4DD3-87F8-7B4F880293E1}.Release|x64.ActiveCfg = Release|Any CPU
		{77C222E7-A617-4DD3-87F8-7B4F880293E1}.Release|x64.Build.0 = Release|Any CPU
		{77C222E7-A617-4DD3-87F8-7B4F880293E1}.Release|x86.ActiveCfg = Release|Any CPU
		{77C222E7-A617-4DD3-87F8-7B4F880293E1}.Release|x86.Build.0 = Release|Any CPU
		{B661D9F9-C216-4A02-999D-1A96CFA11F05}.Debug|Any CPU.ActiveCfg = Debug|Any CPU
		{B661D9F9-C216-4A02-999D-1A96CFA11F05}.Debug|Any CPU.Build.0 = Debug|Any CPU
		{B661D9F9-C216-4A02-999D-1A96CFA11F05}.Debug|ARM64.ActiveCfg = Debug|Any CPU
		{B661D9F9-C216-4A02-999D-1A96CFA11F05}.Debug|ARM64.Build.0 = Debug|Any CPU
		{B661D9F9-C216-4A02-999D-1A96CFA11F05}.Debug|x64.ActiveCfg = Debug|Any CPU
		{B661D9F9-C216-4A02-999D-1A96CFA11F05}.Debug|x64.Build.0 = Debug|Any CPU
		{B661D9F9-C216-4A02-999D-1A96CFA11F05}.Debug|x86.ActiveCfg = Debug|Any CPU
		{B661D9F9-C216-4A02-999D-1A96CFA11F05}.Debug|x86.Build.0 = Debug|Any CPU
		{B661D9F9-C216-4A02-999D-1A96CFA11F05}.Release|Any CPU.ActiveCfg = Release|Any CPU
		{B661D9F9-C216-4A02-999D-1A96CFA11F05}.Release|Any CPU.Build.0 = Release|Any CPU
		{B661D9F9-C216-4A02-999D-1A96CFA11F05}.Release|ARM64.ActiveCfg = Release|Any CPU
		{B661D9F9-C216-4A02-999D-1A96CFA11F05}.Release|ARM64.Build.0 = Release|Any CPU
		{B661D9F9-C216-4A02-999D-1A96CFA11F05}.Release|x64.ActiveCfg = Release|Any CPU
		{B661D9F9-C216-4A02-999D-1A96CFA11F05}.Release|x64.Build.0 = Release|Any CPU
		{B661D9F9-C216-4A02-999D-1A96CFA11F05}.Release|x86.ActiveCfg = Release|Any CPU
		{B661D9F9-C216-4A02-999D-1A96CFA11F05}.Release|x86.Build.0 = Release|Any CPU
	EndGlobalSection
	GlobalSection(SolutionProperties) = preSolution
		HideSolutionNode = FALSE
	EndGlobalSection
	GlobalSection(ExtensibilityGlobals) = postSolution
		SolutionGuid = {261DF773-56CC-47C0-8337-CAB452024FC6}
	EndGlobalSection
EndGlobal
