
Microsoft Visual Studio Solution File, Format Version 12.00
# Visual Studio Version 17
VisualStudioVersion = 17.9.34622.214
MinimumVisualStudioVersion = 10.0.40219.1
Project("{9A19103F-16F7-4668-BE54-9A1E7A4F7556}") = "WarringStates", "WarringStates\WarringStates.csproj", "{5C89866B-C2AD-438F-8428-DA3AAF54AF5D}"
EndProject
Project("{9A19103F-16F7-4668-BE54-9A1E7A4F7556}") = "LocalUtilities", "_lib\LocalUtilities\LocalUtilities.csproj", "{A8EE84F6-B3C3-41D7-8A16-274B7A2AC689}"
EndProject
Project("{FAE04EC0-301F-11D3-BF4B-00C04F79EFBC}") = "DlaTest", "DlaTest\DlaTest.csproj", "{8644A5E7-BD7A-4C8E-A719-56097E5D3F5D}"
EndProject
Global
	GlobalSection(SolutionConfigurationPlatforms) = preSolution
		Debug|Any CPU = Debug|Any CPU
		Release|Any CPU = Release|Any CPU
	EndGlobalSection
	GlobalSection(ProjectConfigurationPlatforms) = postSolution
		{5C89866B-C2AD-438F-8428-DA3AAF54AF5D}.Debug|Any CPU.ActiveCfg = Debug|Any CPU
		{5C89866B-C2AD-438F-8428-DA3AAF54AF5D}.Debug|Any CPU.Build.0 = Debug|Any CPU
		{5C89866B-C2AD-438F-8428-DA3AAF54AF5D}.Release|Any CPU.ActiveCfg = Release|Any CPU
		{5C89866B-C2AD-438F-8428-DA3AAF54AF5D}.Release|Any CPU.Build.0 = Release|Any CPU
		{A8EE84F6-B3C3-41D7-8A16-274B7A2AC689}.Debug|Any CPU.ActiveCfg = Debug|Any CPU
		{A8EE84F6-B3C3-41D7-8A16-274B7A2AC689}.Debug|Any CPU.Build.0 = Debug|Any CPU
		{A8EE84F6-B3C3-41D7-8A16-274B7A2AC689}.Release|Any CPU.ActiveCfg = Release|Any CPU
		{A8EE84F6-B3C3-41D7-8A16-274B7A2AC689}.Release|Any CPU.Build.0 = Release|Any CPU
		{8644A5E7-BD7A-4C8E-A719-56097E5D3F5D}.Debug|Any CPU.ActiveCfg = Debug|Any CPU
		{8644A5E7-BD7A-4C8E-A719-56097E5D3F5D}.Debug|Any CPU.Build.0 = Debug|Any CPU
		{8644A5E7-BD7A-4C8E-A719-56097E5D3F5D}.Release|Any CPU.ActiveCfg = Release|Any CPU
		{8644A5E7-BD7A-4C8E-A719-56097E5D3F5D}.Release|Any CPU.Build.0 = Release|Any CPU
	EndGlobalSection
	GlobalSection(SolutionProperties) = preSolution
		HideSolutionNode = FALSE
	EndGlobalSection
	GlobalSection(ExtensibilityGlobals) = postSolution
		SolutionGuid = {72CF01DB-2E3A-423D-90AA-8EBE3A375D65}
	EndGlobalSection
EndGlobal
