
Microsoft Visual Studio Solution File, Format Version 12.00
# Visual Studio Version 17
VisualStudioVersion = 17.9.34714.143
MinimumVisualStudioVersion = 10.0.40219.1
Project("{9A19103F-16F7-4668-BE54-9A1E7A4F7556}") = "LocalUtilities", "..\_lib\LocalUtilities\LocalUtilities.csproj", "{1E92477F-BD9A-4E62-974C-632B2D17E2EB}"
EndProject
Project("{FAE04EC0-301F-11D3-BF4B-00C04F79EFBC}") = "RefelctionSerialize", "RefelctionSerialize\RefelctionSerialize.csproj", "{8483CCA3-585C-4EBB-A6EC-81F091205BC2}"
EndProject
Global
	GlobalSection(SolutionConfigurationPlatforms) = preSolution
		Debug|Any CPU = Debug|Any CPU
		Release|Any CPU = Release|Any CPU
	EndGlobalSection
	GlobalSection(ProjectConfigurationPlatforms) = postSolution
		{1E92477F-BD9A-4E62-974C-632B2D17E2EB}.Debug|Any CPU.ActiveCfg = Debug|Any CPU
		{1E92477F-BD9A-4E62-974C-632B2D17E2EB}.Debug|Any CPU.Build.0 = Debug|Any CPU
		{1E92477F-BD9A-4E62-974C-632B2D17E2EB}.Release|Any CPU.ActiveCfg = Release|Any CPU
		{1E92477F-BD9A-4E62-974C-632B2D17E2EB}.Release|Any CPU.Build.0 = Release|Any CPU
		{8483CCA3-585C-4EBB-A6EC-81F091205BC2}.Debug|Any CPU.ActiveCfg = Debug|Any CPU
		{8483CCA3-585C-4EBB-A6EC-81F091205BC2}.Debug|Any CPU.Build.0 = Debug|Any CPU
		{8483CCA3-585C-4EBB-A6EC-81F091205BC2}.Release|Any CPU.ActiveCfg = Release|Any CPU
		{8483CCA3-585C-4EBB-A6EC-81F091205BC2}.Release|Any CPU.Build.0 = Release|Any CPU
	EndGlobalSection
	GlobalSection(SolutionProperties) = preSolution
		HideSolutionNode = FALSE
	EndGlobalSection
	GlobalSection(ExtensibilityGlobals) = postSolution
		SolutionGuid = {40E379FA-2160-4188-AEE4-AD93C40D96E3}
	EndGlobalSection
EndGlobal
