
Microsoft Visual Studio Solution File, Format Version 12.00
# Visual Studio Version 17
VisualStudioVersion = 17.9.34714.143
MinimumVisualStudioVersion = 10.0.40219.1
Project("{FAE04EC0-301F-11D3-BF4B-00C04F79EFBC}") = "ReflectionSS", "ReflectionSS\ReflectionSS.csproj", "{EE96F58D-632C-4D1A-AD9D-D156F9A09F72}"
EndProject
Project("{9A19103F-16F7-4668-BE54-9A1E7A4F7556}") = "LocalUtilities", "..\reqair\warring_states\_lib\LocalUtilities\LocalUtilities.csproj", "{849EF79A-0043-4DDB-B59E-E2CD89458E41}"
EndProject
Global
	GlobalSection(SolutionConfigurationPlatforms) = preSolution
		Debug|Any CPU = Debug|Any CPU
		Release|Any CPU = Release|Any CPU
	EndGlobalSection
	GlobalSection(ProjectConfigurationPlatforms) = postSolution
		{EE96F58D-632C-4D1A-AD9D-D156F9A09F72}.Debug|Any CPU.ActiveCfg = Debug|Any CPU
		{EE96F58D-632C-4D1A-AD9D-D156F9A09F72}.Debug|Any CPU.Build.0 = Debug|Any CPU
		{EE96F58D-632C-4D1A-AD9D-D156F9A09F72}.Release|Any CPU.ActiveCfg = Release|Any CPU
		{EE96F58D-632C-4D1A-AD9D-D156F9A09F72}.Release|Any CPU.Build.0 = Release|Any CPU
		{849EF79A-0043-4DDB-B59E-E2CD89458E41}.Debug|Any CPU.ActiveCfg = Debug|Any CPU
		{849EF79A-0043-4DDB-B59E-E2CD89458E41}.Debug|Any CPU.Build.0 = Debug|Any CPU
		{849EF79A-0043-4DDB-B59E-E2CD89458E41}.Release|Any CPU.ActiveCfg = Release|Any CPU
		{849EF79A-0043-4DDB-B59E-E2CD89458E41}.Release|Any CPU.Build.0 = Release|Any CPU
	EndGlobalSection
	GlobalSection(SolutionProperties) = preSolution
		HideSolutionNode = FALSE
	EndGlobalSection
	GlobalSection(ExtensibilityGlobals) = postSolution
		SolutionGuid = {40E379FA-2160-4188-AEE4-AD93C40D96E3}
	EndGlobalSection
EndGlobal
